
Microsoft Visual Studio Solution File, Format Version 12.00
# Visual Studio Version 17
VisualStudioVersion = 17.13.35913.81 d17.13
MinimumVisualStudioVersion = 10.0.40219.1
Project("{FAE04EC0-301F-11D3-BF4B-00C04F79EFBC}") = "chem0530", "chem0530.csproj", "{683A9EE5-C66B-4B9C-9EE9-1C947946D93B}"
EndProject
Global
	GlobalSection(SolutionConfigurationPlatforms) = preSolution
		Debug|Any CPU = Debug|Any CPU
		Release|Any CPU = Release|Any CPU
	EndGlobalSection
	GlobalSection(ProjectConfigurationPlatforms) = postSolution
		{683A9EE5-C66B-4B9C-9EE9-1C947946D93B}.Debug|Any CPU.ActiveCfg = Debug|Any CPU
		{683A9EE5-C66B-4B9C-9EE9-1C947946D93B}.Debug|Any CPU.Build.0 = Debug|Any CPU
		{683A9EE5-C66B-4B9C-9EE9-1C947946D93B}.Release|Any CPU.ActiveCfg = Release|Any CPU
		{683A9EE5-C66B-4B9C-9EE9-1C947946D93B}.Release|Any CPU.Build.0 = Release|Any CPU
	EndGlobalSection
	GlobalSection(SolutionProperties) = preSolution
		HideSolutionNode = FALSE
	EndGlobalSection
	GlobalSection(ExtensibilityGlobals) = postSolution
		SolutionGuid = {2E8495CD-D6C2-4AC1-8EF0-24087D194394}
	EndGlobalSection
EndGlobal
